
Microsoft Visual Studio Solution File, Format Version 12.00
# Visual Studio Version 16
VisualStudioVersion = 16.0.30330.147
MinimumVisualStudioVersion = 10.0.40219.1
Project("{FAE04EC0-301F-11D3-BF4B-00C04F79EFBC}") = "CycleGANInterface", "CycleGANInterface\CycleGANInterface.csproj", "{818D2CE4-073E-4D36-AC93-22F24A4FB051}"
EndProject
Project("{FAE04EC0-301F-11D3-BF4B-00C04F79EFBC}") = "MockCycleGAN", "MockCycleGAN\MockCycleGAN.csproj", "{111A8247-36DA-4455-83E6-2D7CE5760CB8}"
EndProject
Project("{FAE04EC0-301F-11D3-BF4B-00C04F79EFBC}") = "MockFotohokje", "MockFotohokje\MockFotohokje.csproj", "{7A777A54-E68D-43FB-8EAE-6CB55F2EC93F}"
EndProject
Project("{FAE04EC0-301F-11D3-BF4B-00C04F79EFBC}") = "TestCycleGANInterface", "TestCycleGANInterface\TestCycleGANInterface.csproj", "{28D0E50F-F223-4448-87F7-D68CC0CA410E}"
EndProject
Project("{FAE04EC0-301F-11D3-BF4B-00C04F79EFBC}") = "TestCycleGANSpeed", "TestCycleGANSpeed\TestCycleGANSpeed.csproj", "{F14125F7-D4E3-4A1C-A591-04FF673188E3}"
EndProject
Project("{FAE04EC0-301F-11D3-BF4B-00C04F79EFBC}") = "TestMockFotohokjeSelenium", "TestMockFotohokjeSelenium\TestMockFotohokjeSelenium.csproj", "{900FA2BC-754C-471B-8B0F-2B6B8CA73C59}"
EndProject
Global
	GlobalSection(SolutionConfigurationPlatforms) = preSolution
		Debug|Any CPU = Debug|Any CPU
		Release|Any CPU = Release|Any CPU
	EndGlobalSection
	GlobalSection(ProjectConfigurationPlatforms) = postSolution
		{818D2CE4-073E-4D36-AC93-22F24A4FB051}.Debug|Any CPU.ActiveCfg = Debug|Any CPU
		{818D2CE4-073E-4D36-AC93-22F24A4FB051}.Debug|Any CPU.Build.0 = Debug|Any CPU
		{818D2CE4-073E-4D36-AC93-22F24A4FB051}.Release|Any CPU.ActiveCfg = Release|Any CPU
		{818D2CE4-073E-4D36-AC93-22F24A4FB051}.Release|Any CPU.Build.0 = Release|Any CPU
		{111A8247-36DA-4455-83E6-2D7CE5760CB8}.Debug|Any CPU.ActiveCfg = Debug|Any CPU
		{111A8247-36DA-4455-83E6-2D7CE5760CB8}.Debug|Any CPU.Build.0 = Debug|Any CPU
		{111A8247-36DA-4455-83E6-2D7CE5760CB8}.Release|Any CPU.ActiveCfg = Release|Any CPU
		{111A8247-36DA-4455-83E6-2D7CE5760CB8}.Release|Any CPU.Build.0 = Release|Any CPU
		{7A777A54-E68D-43FB-8EAE-6CB55F2EC93F}.Debug|Any CPU.ActiveCfg = Debug|Any CPU
		{7A777A54-E68D-43FB-8EAE-6CB55F2EC93F}.Debug|Any CPU.Build.0 = Debug|Any CPU
		{7A777A54-E68D-43FB-8EAE-6CB55F2EC93F}.Release|Any CPU.ActiveCfg = Release|Any CPU
		{7A777A54-E68D-43FB-8EAE-6CB55F2EC93F}.Release|Any CPU.Build.0 = Release|Any CPU
		{28D0E50F-F223-4448-87F7-D68CC0CA410E}.Debug|Any CPU.ActiveCfg = Debug|Any CPU
		{28D0E50F-F223-4448-87F7-D68CC0CA410E}.Debug|Any CPU.Build.0 = Debug|Any CPU
		{28D0E50F-F223-4448-87F7-D68CC0CA410E}.Release|Any CPU.ActiveCfg = Release|Any CPU
		{28D0E50F-F223-4448-87F7-D68CC0CA410E}.Release|Any CPU.Build.0 = Release|Any CPU
		{F14125F7-D4E3-4A1C-A591-04FF673188E3}.Debug|Any CPU.ActiveCfg = Debug|Any CPU
		{F14125F7-D4E3-4A1C-A591-04FF673188E3}.Debug|Any CPU.Build.0 = Debug|Any CPU
		{F14125F7-D4E3-4A1C-A591-04FF673188E3}.Release|Any CPU.ActiveCfg = Release|Any CPU
		{F14125F7-D4E3-4A1C-A591-04FF673188E3}.Release|Any CPU.Build.0 = Release|Any CPU
		{900FA2BC-754C-471B-8B0F-2B6B8CA73C59}.Debug|Any CPU.ActiveCfg = Debug|Any CPU
		{900FA2BC-754C-471B-8B0F-2B6B8CA73C59}.Debug|Any CPU.Build.0 = Debug|Any CPU
		{900FA2BC-754C-471B-8B0F-2B6B8CA73C59}.Release|Any CPU.ActiveCfg = Release|Any CPU
		{900FA2BC-754C-471B-8B0F-2B6B8CA73C59}.Release|Any CPU.Build.0 = Release|Any CPU
	EndGlobalSection
	GlobalSection(SolutionProperties) = preSolution
		HideSolutionNode = FALSE
	EndGlobalSection
	GlobalSection(ExtensibilityGlobals) = postSolution
		SolutionGuid = {76D24545-B4D3-414E-B379-C92A5080F372}
	EndGlobalSection
EndGlobal
